
Microsoft Visual Studio Solution File, Format Version 12.00
# Visual Studio Version 17
VisualStudioVersion = 17.4.33205.214
MinimumVisualStudioVersion = 10.0.40219.1
Project("{FAE04EC0-301F-11D3-BF4B-00C04F79EFBC}") = "LogBase", "LogBase\LogBase.csproj", "{496D14B9-3B09-455C-B0B4-AFAA3492F256}"
EndProject
Global
	GlobalSection(SolutionConfigurationPlatforms) = preSolution
		Debug|Any CPU = Debug|Any CPU
		Release|Any CPU = Release|Any CPU
	EndGlobalSection
	GlobalSection(ProjectConfigurationPlatforms) = postSolution
		{496D14B9-3B09-455C-B0B4-AFAA3492F256}.Debug|Any CPU.ActiveCfg = Debug|Any CPU
		{496D14B9-3B09-455C-B0B4-AFAA3492F256}.Debug|Any CPU.Build.0 = Debug|Any CPU
		{496D14B9-3B09-455C-B0B4-AFAA3492F256}.Release|Any CPU.ActiveCfg = Release|Any CPU
		{496D14B9-3B09-455C-B0B4-AFAA3492F256}.Release|Any CPU.Build.0 = Release|Any CPU
	EndGlobalSection
	GlobalSection(SolutionProperties) = preSolution
		HideSolutionNode = FALSE
	EndGlobalSection
	GlobalSection(ExtensibilityGlobals) = postSolution
		SolutionGuid = {A23A7649-66E0-4426-8426-8E0AF51D0CFF}
	EndGlobalSection
EndGlobal
