
Microsoft Visual Studio Solution File, Format Version 12.00
# Visual Studio Version 17
VisualStudioVersion = 17.8.34525.116
MinimumVisualStudioVersion = 10.0.40219.1
Project("{FAE04EC0-301F-11D3-BF4B-00C04F79EFBC}") = "EmailStudy", "EmailStudy\EmailStudy.csproj", "{6CF3E8A7-C0E0-4F7E-808C-E8E95CBCFCC1}"
EndProject
Global
	GlobalSection(SolutionConfigurationPlatforms) = preSolution
		Debug|Any CPU = Debug|Any CPU
		Release|Any CPU = Release|Any CPU
	EndGlobalSection
	GlobalSection(ProjectConfigurationPlatforms) = postSolution
		{6CF3E8A7-C0E0-4F7E-808C-E8E95CBCFCC1}.Debug|Any CPU.ActiveCfg = Debug|Any CPU
		{6CF3E8A7-C0E0-4F7E-808C-E8E95CBCFCC1}.Debug|Any CPU.Build.0 = Debug|Any CPU
		{6CF3E8A7-C0E0-4F7E-808C-E8E95CBCFCC1}.Release|Any CPU.ActiveCfg = Release|Any CPU
		{6CF3E8A7-C0E0-4F7E-808C-E8E95CBCFCC1}.Release|Any CPU.Build.0 = Release|Any CPU
	EndGlobalSection
	GlobalSection(SolutionProperties) = preSolution
		HideSolutionNode = FALSE
	EndGlobalSection
	GlobalSection(ExtensibilityGlobals) = postSolution
		SolutionGuid = {3AEC6A2C-6A55-4975-A59C-7A84953D3547}
	EndGlobalSection
EndGlobal
