
Microsoft Visual Studio Solution File, Format Version 12.00
# Visual Studio Version 17
VisualStudioVersion = 17.6.33723.286
MinimumVisualStudioVersion = 10.0.40219.1
Project("{FAE04EC0-301F-11D3-BF4B-00C04F79EFBC}") = "TestApplication", "TestApplication\TestApplication.csproj", "{04A0BEF0-62C8-49A3-94DE-A1F65ECEDF68}"
EndProject
Global
	GlobalSection(SolutionConfigurationPlatforms) = preSolution
		Debug|Any CPU = Debug|Any CPU
		Release|Any CPU = Release|Any CPU
	EndGlobalSection
	GlobalSection(ProjectConfigurationPlatforms) = postSolution
		{04A0BEF0-62C8-49A3-94DE-A1F65ECEDF68}.Debug|Any CPU.ActiveCfg = Debug|Any CPU
		{04A0BEF0-62C8-49A3-94DE-A1F65ECEDF68}.Debug|Any CPU.Build.0 = Debug|Any CPU
		{04A0BEF0-62C8-49A3-94DE-A1F65ECEDF68}.Release|Any CPU.ActiveCfg = Release|Any CPU
		{04A0BEF0-62C8-49A3-94DE-A1F65ECEDF68}.Release|Any CPU.Build.0 = Release|Any CPU
	EndGlobalSection
	GlobalSection(SolutionProperties) = preSolution
		HideSolutionNode = FALSE
	EndGlobalSection
	GlobalSection(ExtensibilityGlobals) = postSolution
		SolutionGuid = {F55A22E3-55A1-4947-BD6C-FF402816B15A}
	EndGlobalSection
EndGlobal
