
Microsoft Visual Studio Solution File, Format Version 12.00
# Visual Studio Version 17
VisualStudioVersion = 17.8.34330.188
MinimumVisualStudioVersion = 10.0.40219.1
Project("{9A19103F-16F7-4668-BE54-9A1E7A4F7556}") = "TextBoxDataBinding", "TextBoxDataBinding\TextBoxDataBinding.csproj", "{21F0D60D-DE29-45F6-B6A9-EDA8F666E1E5}"
EndProject
Project("{9A19103F-16F7-4668-BE54-9A1E7A4F7556}") = "CheckBoxDataBinding", "CheckBoxDataBinding\CheckBoxDataBinding.csproj", "{79D04534-98D4-4C6D-9919-D7B22869BB38}"
EndProject
Project("{9A19103F-16F7-4668-BE54-9A1E7A4F7556}") = "NumericUpDownDataBinding", "NumericUpDownDataBinding\NumericUpDownDataBinding.csproj", "{CDAA5043-FD34-4547-BFD2-D881164A4B54}"
EndProject
Project("{9A19103F-16F7-4668-BE54-9A1E7A4F7556}") = "TrackBarDataBinding", "TrackBarDataBinding\TrackBarDataBinding.csproj", "{E7008300-8D84-4A45-9F85-03F2E616E24A}"
EndProject
Project("{9A19103F-16F7-4668-BE54-9A1E7A4F7556}") = "ListBoxDataBinding", "ListBoxDataBinding\ListBoxDataBinding.csproj", "{E1DA4515-D009-4E24-B4D8-068856F0EE81}"
EndProject
Project("{9A19103F-16F7-4668-BE54-9A1E7A4F7556}") = "ComboBoxDataBinding", "ComboBoxDataBinding\ComboBoxDataBinding.csproj", "{2B702773-A84B-4143-8BB0-8620D26F3FDE}"
EndProject
Project("{9A19103F-16F7-4668-BE54-9A1E7A4F7556}") = "DomainUpDownDataBinding", "DomainUpDownDataBinding\DomainUpDownDataBinding.csproj", "{B898144C-2263-4EAA-A27A-0851DC3CB347}"
EndProject
Project("{9A19103F-16F7-4668-BE54-9A1E7A4F7556}") = "LabelDataBinding", "LabelDataBinding\LabelDataBinding.csproj", "{D46CDC0B-ABB5-43B7-AFEA-F1CD57743EDC}"
EndProject
Project("{9A19103F-16F7-4668-BE54-9A1E7A4F7556}") = "DateTimePickerDataBinding", "DateTimePickerDataBinding\DateTimePickerDataBinding.csproj", "{401A0138-1698-4652-8D95-42C18209DC44}"
EndProject
Project("{9A19103F-16F7-4668-BE54-9A1E7A4F7556}") = "MonthCalendarDataBinding", "MonthCalendarDataBinding\MonthCalendarDataBinding.csproj", "{519B6272-FAC7-45D2-92CC-52D698AAD03A}"
EndProject
Project("{9A19103F-16F7-4668-BE54-9A1E7A4F7556}") = "ProgressBarDataBinding", "ProgressBarDataBinding\ProgressBarDataBinding.csproj", "{665C85AD-0790-4846-A660-D0A095A520FB}"
EndProject
Project("{9A19103F-16F7-4668-BE54-9A1E7A4F7556}") = "PropertyGridDataBinding", "PropertyGridDataBinding\PropertyGridDataBinding.csproj", "{473D49C0-EAD0-449A-B8A2-7D3B366FA96A}"
EndProject
Project("{FAE04EC0-301F-11D3-BF4B-00C04F79EFBC}") = "DataGridViewDataBinding", "DataGridViewDataBinding\DataGridViewDataBinding.csproj", "{456CC728-0A6B-4CDA-A1D2-A2ABE015088F}"
EndProject
Global
	GlobalSection(SolutionConfigurationPlatforms) = preSolution
		Debug|Any CPU = Debug|Any CPU
		Release|Any CPU = Release|Any CPU
	EndGlobalSection
	GlobalSection(ProjectConfigurationPlatforms) = postSolution
		{21F0D60D-DE29-45F6-B6A9-EDA8F666E1E5}.Debug|Any CPU.ActiveCfg = Debug|Any CPU
		{21F0D60D-DE29-45F6-B6A9-EDA8F666E1E5}.Debug|Any CPU.Build.0 = Debug|Any CPU
		{21F0D60D-DE29-45F6-B6A9-EDA8F666E1E5}.Release|Any CPU.ActiveCfg = Release|Any CPU
		{21F0D60D-DE29-45F6-B6A9-EDA8F666E1E5}.Release|Any CPU.Build.0 = Release|Any CPU
		{79D04534-98D4-4C6D-9919-D7B22869BB38}.Debug|Any CPU.ActiveCfg = Debug|Any CPU
		{79D04534-98D4-4C6D-9919-D7B22869BB38}.Debug|Any CPU.Build.0 = Debug|Any CPU
		{79D04534-98D4-4C6D-9919-D7B22869BB38}.Release|Any CPU.ActiveCfg = Release|Any CPU
		{79D04534-98D4-4C6D-9919-D7B22869BB38}.Release|Any CPU.Build.0 = Release|Any CPU
		{CDAA5043-FD34-4547-BFD2-D881164A4B54}.Debug|Any CPU.ActiveCfg = Debug|Any CPU
		{CDAA5043-FD34-4547-BFD2-D881164A4B54}.Debug|Any CPU.Build.0 = Debug|Any CPU
		{CDAA5043-FD34-4547-BFD2-D881164A4B54}.Release|Any CPU.ActiveCfg = Release|Any CPU
		{CDAA5043-FD34-4547-BFD2-D881164A4B54}.Release|Any CPU.Build.0 = Release|Any CPU
		{E7008300-8D84-4A45-9F85-03F2E616E24A}.Debug|Any CPU.ActiveCfg = Debug|Any CPU
		{E7008300-8D84-4A45-9F85-03F2E616E24A}.Debug|Any CPU.Build.0 = Debug|Any CPU
		{E7008300-8D84-4A45-9F85-03F2E616E24A}.Release|Any CPU.ActiveCfg = Release|Any CPU
		{E7008300-8D84-4A45-9F85-03F2E616E24A}.Release|Any CPU.Build.0 = Release|Any CPU
		{E1DA4515-D009-4E24-B4D8-068856F0EE81}.Debug|Any CPU.ActiveCfg = Debug|Any CPU
		{E1DA4515-D009-4E24-B4D8-068856F0EE81}.Debug|Any CPU.Build.0 = Debug|Any CPU
		{E1DA4515-D009-4E24-B4D8-068856F0EE81}.Release|Any CPU.ActiveCfg = Release|Any CPU
		{E1DA4515-D009-4E24-B4D8-068856F0EE81}.Release|Any CPU.Build.0 = Release|Any CPU
		{2B702773-A84B-4143-8BB0-8620D26F3FDE}.Debug|Any CPU.ActiveCfg = Debug|Any CPU
		{2B702773-A84B-4143-8BB0-8620D26F3FDE}.Debug|Any CPU.Build.0 = Debug|Any CPU
		{2B702773-A84B-4143-8BB0-8620D26F3FDE}.Release|Any CPU.ActiveCfg = Release|Any CPU
		{2B702773-A84B-4143-8BB0-8620D26F3FDE}.Release|Any CPU.Build.0 = Release|Any CPU
		{B898144C-2263-4EAA-A27A-0851DC3CB347}.Debug|Any CPU.ActiveCfg = Debug|Any CPU
		{B898144C-2263-4EAA-A27A-0851DC3CB347}.Debug|Any CPU.Build.0 = Debug|Any CPU
		{B898144C-2263-4EAA-A27A-0851DC3CB347}.Release|Any CPU.ActiveCfg = Release|Any CPU
		{B898144C-2263-4EAA-A27A-0851DC3CB347}.Release|Any CPU.Build.0 = Release|Any CPU
		{D46CDC0B-ABB5-43B7-AFEA-F1CD57743EDC}.Debug|Any CPU.ActiveCfg = Debug|Any CPU
		{D46CDC0B-ABB5-43B7-AFEA-F1CD57743EDC}.Debug|Any CPU.Build.0 = Debug|Any CPU
		{D46CDC0B-ABB5-43B7-AFEA-F1CD57743EDC}.Release|Any CPU.ActiveCfg = Release|Any CPU
		{D46CDC0B-ABB5-43B7-AFEA-F1CD57743EDC}.Release|Any CPU.Build.0 = Release|Any CPU
		{401A0138-1698-4652-8D95-42C18209DC44}.Debug|Any CPU.ActiveCfg = Debug|Any CPU
		{401A0138-1698-4652-8D95-42C18209DC44}.Debug|Any CPU.Build.0 = Debug|Any CPU
		{401A0138-1698-4652-8D95-42C18209DC44}.Release|Any CPU.ActiveCfg = Release|Any CPU
		{401A0138-1698-4652-8D95-42C18209DC44}.Release|Any CPU.Build.0 = Release|Any CPU
		{519B6272-FAC7-45D2-92CC-52D698AAD03A}.Debug|Any CPU.ActiveCfg = Debug|Any CPU
		{519B6272-FAC7-45D2-92CC-52D698AAD03A}.Debug|Any CPU.Build.0 = Debug|Any CPU
		{519B6272-FAC7-45D2-92CC-52D698AAD03A}.Release|Any CPU.ActiveCfg = Release|Any CPU
		{519B6272-FAC7-45D2-92CC-52D698AAD03A}.Release|Any CPU.Build.0 = Release|Any CPU
		{665C85AD-0790-4846-A660-D0A095A520FB}.Debug|Any CPU.ActiveCfg = Debug|Any CPU
		{665C85AD-0790-4846-A660-D0A095A520FB}.Debug|Any CPU.Build.0 = Debug|Any CPU
		{665C85AD-0790-4846-A660-D0A095A520FB}.Release|Any CPU.ActiveCfg = Release|Any CPU
		{665C85AD-0790-4846-A660-D0A095A520FB}.Release|Any CPU.Build.0 = Release|Any CPU
		{473D49C0-EAD0-449A-B8A2-7D3B366FA96A}.Debug|Any CPU.ActiveCfg = Debug|Any CPU
		{473D49C0-EAD0-449A-B8A2-7D3B366FA96A}.Debug|Any CPU.Build.0 = Debug|Any CPU
		{473D49C0-EAD0-449A-B8A2-7D3B366FA96A}.Release|Any CPU.ActiveCfg = Release|Any CPU
		{473D49C0-EAD0-449A-B8A2-7D3B366FA96A}.Release|Any CPU.Build.0 = Release|Any CPU
		{456CC728-0A6B-4CDA-A1D2-A2ABE015088F}.Debug|Any CPU.ActiveCfg = Debug|Any CPU
		{456CC728-0A6B-4CDA-A1D2-A2ABE015088F}.Debug|Any CPU.Build.0 = Debug|Any CPU
		{456CC728-0A6B-4CDA-A1D2-A2ABE015088F}.Release|Any CPU.ActiveCfg = Release|Any CPU
		{456CC728-0A6B-4CDA-A1D2-A2ABE015088F}.Release|Any CPU.Build.0 = Release|Any CPU
	EndGlobalSection
	GlobalSection(SolutionProperties) = preSolution
		HideSolutionNode = FALSE
	EndGlobalSection
	GlobalSection(ExtensibilityGlobals) = postSolution
		SolutionGuid = {5D4C0DB3-6FDE-4BAE-95B6-1FAC6EC706AB}
	EndGlobalSection
EndGlobal
