
Microsoft Visual Studio Solution File, Format Version 12.00
# Visual Studio Version 17
VisualStudioVersion = 17.5.33516.290
MinimumVisualStudioVersion = 10.0.40219.1
Project("{FAE04EC0-301F-11D3-BF4B-00C04F79EFBC}") = "AdornerGuide", "AdornerGuide\AdornerGuide.csproj", "{F36CDE75-9215-4763-A889-75050E00BC75}"
EndProject
Global
	GlobalSection(SolutionConfigurationPlatforms) = preSolution
		Debug|Any CPU = Debug|Any CPU
		Release|Any CPU = Release|Any CPU
	EndGlobalSection
	GlobalSection(ProjectConfigurationPlatforms) = postSolution
		{F36CDE75-9215-4763-A889-75050E00BC75}.Debug|Any CPU.ActiveCfg = Debug|Any CPU
		{F36CDE75-9215-4763-A889-75050E00BC75}.Debug|Any CPU.Build.0 = Debug|Any CPU
		{F36CDE75-9215-4763-A889-75050E00BC75}.Release|Any CPU.ActiveCfg = Release|Any CPU
		{F36CDE75-9215-4763-A889-75050E00BC75}.Release|Any CPU.Build.0 = Release|Any CPU
	EndGlobalSection
	GlobalSection(SolutionProperties) = preSolution
		HideSolutionNode = FALSE
	EndGlobalSection
	GlobalSection(ExtensibilityGlobals) = postSolution
		SolutionGuid = {1643F772-FCAB-42DE-99E0-B5A9FA542B58}
	EndGlobalSection
EndGlobal
