
Microsoft Visual Studio Solution File, Format Version 12.00
# Visual Studio Version 17
VisualStudioVersion = 17.5.33627.172
MinimumVisualStudioVersion = 10.0.40219.1
Project("{FAE04EC0-301F-11D3-BF4B-00C04F79EFBC}") = "PrismStudy", "PrismStudy\PrismStudy.csproj", "{2813629D-9534-4C4E-8B29-934559C70D9E}"
EndProject
Project("{FAE04EC0-301F-11D3-BF4B-00C04F79EFBC}") = "ViewModel", "ViewModel\ViewModel.csproj", "{64042005-30A4-4F41-B0AF-D411F441A231}"
EndProject
Global
	GlobalSection(SolutionConfigurationPlatforms) = preSolution
		Debug|Any CPU = Debug|Any CPU
		Release|Any CPU = Release|Any CPU
	EndGlobalSection
	GlobalSection(ProjectConfigurationPlatforms) = postSolution
		{2813629D-9534-4C4E-8B29-934559C70D9E}.Debug|Any CPU.ActiveCfg = Debug|Any CPU
		{2813629D-9534-4C4E-8B29-934559C70D9E}.Debug|Any CPU.Build.0 = Debug|Any CPU
		{2813629D-9534-4C4E-8B29-934559C70D9E}.Release|Any CPU.ActiveCfg = Release|Any CPU
		{2813629D-9534-4C4E-8B29-934559C70D9E}.Release|Any CPU.Build.0 = Release|Any CPU
		{64042005-30A4-4F41-B0AF-D411F441A231}.Debug|Any CPU.ActiveCfg = Debug|Any CPU
		{64042005-30A4-4F41-B0AF-D411F441A231}.Debug|Any CPU.Build.0 = Debug|Any CPU
		{64042005-30A4-4F41-B0AF-D411F441A231}.Release|Any CPU.ActiveCfg = Release|Any CPU
		{64042005-30A4-4F41-B0AF-D411F441A231}.Release|Any CPU.Build.0 = Release|Any CPU
	EndGlobalSection
	GlobalSection(SolutionProperties) = preSolution
		HideSolutionNode = FALSE
	EndGlobalSection
	GlobalSection(ExtensibilityGlobals) = postSolution
		SolutionGuid = {B3594754-F59D-4294-97FF-779F27997CD0}
	EndGlobalSection
EndGlobal
