
Microsoft Visual Studio Solution File, Format Version 12.00
# Visual Studio Version 17
VisualStudioVersion = 17.6.33829.357
MinimumVisualStudioVersion = 10.0.40219.1
Project("{FAE04EC0-301F-11D3-BF4B-00C04F79EFBC}") = "SerialPort", "SerialPort\SerialPort.csproj", "{A55191F5-3AC9-4A6E-AC84-B3BFF387AE08}"
EndProject
Project("{FAE04EC0-301F-11D3-BF4B-00C04F79EFBC}") = "Library", "Library\Library.csproj", "{C6593A1E-3842-4EC4-BDB8-E1DFC5D89471}"
EndProject
Global
	GlobalSection(SolutionConfigurationPlatforms) = preSolution
		Debug|Any CPU = Debug|Any CPU
		Release|Any CPU = Release|Any CPU
	EndGlobalSection
	GlobalSection(ProjectConfigurationPlatforms) = postSolution
		{A55191F5-3AC9-4A6E-AC84-B3BFF387AE08}.Debug|Any CPU.ActiveCfg = Debug|Any CPU
		{A55191F5-3AC9-4A6E-AC84-B3BFF387AE08}.Debug|Any CPU.Build.0 = Debug|Any CPU
		{A55191F5-3AC9-4A6E-AC84-B3BFF387AE08}.Release|Any CPU.ActiveCfg = Release|Any CPU
		{A55191F5-3AC9-4A6E-AC84-B3BFF387AE08}.Release|Any CPU.Build.0 = Release|Any CPU
		{C6593A1E-3842-4EC4-BDB8-E1DFC5D89471}.Debug|Any CPU.ActiveCfg = Debug|Any CPU
		{C6593A1E-3842-4EC4-BDB8-E1DFC5D89471}.Debug|Any CPU.Build.0 = Debug|Any CPU
		{C6593A1E-3842-4EC4-BDB8-E1DFC5D89471}.Release|Any CPU.ActiveCfg = Release|Any CPU
		{C6593A1E-3842-4EC4-BDB8-E1DFC5D89471}.Release|Any CPU.Build.0 = Release|Any CPU
	EndGlobalSection
	GlobalSection(SolutionProperties) = preSolution
		HideSolutionNode = FALSE
	EndGlobalSection
	GlobalSection(ExtensibilityGlobals) = postSolution
		SolutionGuid = {0D62D1DE-DB86-48D2-A998-EEA1C273CE1E}
	EndGlobalSection
EndGlobal
