
Microsoft Visual Studio Solution File, Format Version 12.00
# Visual Studio Version 17
VisualStudioVersion = 17.5.33516.290
MinimumVisualStudioVersion = 10.0.40219.1
Project("{FAE04EC0-301F-11D3-BF4B-00C04F79EFBC}") = "ToastNotification", "ToastNotification\ToastNotification.csproj", "{5AE4258A-5D8B-463B-B942-1B144405E2CB}"
EndProject
Global
	GlobalSection(SolutionConfigurationPlatforms) = preSolution
		Debug|Any CPU = Debug|Any CPU
		Release|Any CPU = Release|Any CPU
	EndGlobalSection
	GlobalSection(ProjectConfigurationPlatforms) = postSolution
		{5AE4258A-5D8B-463B-B942-1B144405E2CB}.Debug|Any CPU.ActiveCfg = Debug|Any CPU
		{5AE4258A-5D8B-463B-B942-1B144405E2CB}.Debug|Any CPU.Build.0 = Debug|Any CPU
		{5AE4258A-5D8B-463B-B942-1B144405E2CB}.Release|Any CPU.ActiveCfg = Release|Any CPU
		{5AE4258A-5D8B-463B-B942-1B144405E2CB}.Release|Any CPU.Build.0 = Release|Any CPU
	EndGlobalSection
	GlobalSection(SolutionProperties) = preSolution
		HideSolutionNode = FALSE
	EndGlobalSection
	GlobalSection(ExtensibilityGlobals) = postSolution
		SolutionGuid = {E4363551-894E-457E-A199-652732A540C8}
	EndGlobalSection
EndGlobal
