
Microsoft Visual Studio Solution File, Format Version 12.00
# Visual Studio Version 17
VisualStudioVersion = 17.4.33205.214
MinimumVisualStudioVersion = 10.0.40219.1
Project("{FAE04EC0-301F-11D3-BF4B-00C04F79EFBC}") = "YAMLParser", "YAMLParser\YAMLParser.csproj", "{A728C84B-20ED-4EF0-A2C9-86064DE354B7}"
EndProject
Global
	GlobalSection(SolutionConfigurationPlatforms) = preSolution
		Debug|Any CPU = Debug|Any CPU
		Release|Any CPU = Release|Any CPU
	EndGlobalSection
	GlobalSection(ProjectConfigurationPlatforms) = postSolution
		{A728C84B-20ED-4EF0-A2C9-86064DE354B7}.Debug|Any CPU.ActiveCfg = Debug|Any CPU
		{A728C84B-20ED-4EF0-A2C9-86064DE354B7}.Debug|Any CPU.Build.0 = Debug|Any CPU
		{A728C84B-20ED-4EF0-A2C9-86064DE354B7}.Release|Any CPU.ActiveCfg = Release|Any CPU
		{A728C84B-20ED-4EF0-A2C9-86064DE354B7}.Release|Any CPU.Build.0 = Release|Any CPU
	EndGlobalSection
	GlobalSection(SolutionProperties) = preSolution
		HideSolutionNode = FALSE
	EndGlobalSection
	GlobalSection(ExtensibilityGlobals) = postSolution
		SolutionGuid = {00F7542F-1506-42E5-A01D-FD1FB01924C0}
	EndGlobalSection
EndGlobal
