
Microsoft Visual Studio Solution File, Format Version 12.00
# Visual Studio Version 17
VisualStudioVersion = 17.4.33205.214
MinimumVisualStudioVersion = 10.0.40219.1
Project("{FAE04EC0-301F-11D3-BF4B-00C04F79EFBC}") = "ScreenCapture", "ScreenCapture\ScreenCapture.csproj", "{E49969F3-56F4-4523-8989-690B1D213EA5}"
EndProject
Global
	GlobalSection(SolutionConfigurationPlatforms) = preSolution
		Debug|Any CPU = Debug|Any CPU
		Release|Any CPU = Release|Any CPU
	EndGlobalSection
	GlobalSection(ProjectConfigurationPlatforms) = postSolution
		{E49969F3-56F4-4523-8989-690B1D213EA5}.Debug|Any CPU.ActiveCfg = Debug|Any CPU
		{E49969F3-56F4-4523-8989-690B1D213EA5}.Debug|Any CPU.Build.0 = Debug|Any CPU
		{E49969F3-56F4-4523-8989-690B1D213EA5}.Release|Any CPU.ActiveCfg = Release|Any CPU
		{E49969F3-56F4-4523-8989-690B1D213EA5}.Release|Any CPU.Build.0 = Release|Any CPU
	EndGlobalSection
	GlobalSection(SolutionProperties) = preSolution
		HideSolutionNode = FALSE
	EndGlobalSection
	GlobalSection(ExtensibilityGlobals) = postSolution
		SolutionGuid = {3859979C-55E0-4318-8179-2E793D784966}
	EndGlobalSection
EndGlobal
