
Microsoft Visual Studio Solution File, Format Version 12.00
# Visual Studio Version 17
VisualStudioVersion = 17.4.33205.214
MinimumVisualStudioVersion = 10.0.40219.1
Project("{FAE04EC0-301F-11D3-BF4B-00C04F79EFBC}") = "UsingWebcam", "UsingWebcam\UsingWebcam.csproj", "{1DD149B4-7381-4C77-BC5D-2958E2C8C11D}"
EndProject
Global
	GlobalSection(SolutionConfigurationPlatforms) = preSolution
		Debug|Any CPU = Debug|Any CPU
		Release|Any CPU = Release|Any CPU
	EndGlobalSection
	GlobalSection(ProjectConfigurationPlatforms) = postSolution
		{1DD149B4-7381-4C77-BC5D-2958E2C8C11D}.Debug|Any CPU.ActiveCfg = Debug|Any CPU
		{1DD149B4-7381-4C77-BC5D-2958E2C8C11D}.Debug|Any CPU.Build.0 = Debug|Any CPU
		{1DD149B4-7381-4C77-BC5D-2958E2C8C11D}.Release|Any CPU.ActiveCfg = Release|Any CPU
		{1DD149B4-7381-4C77-BC5D-2958E2C8C11D}.Release|Any CPU.Build.0 = Release|Any CPU
	EndGlobalSection
	GlobalSection(SolutionProperties) = preSolution
		HideSolutionNode = FALSE
	EndGlobalSection
	GlobalSection(ExtensibilityGlobals) = postSolution
		SolutionGuid = {8F267A1C-5518-4D20-9E85-0ED081E274CC}
	EndGlobalSection
EndGlobal
